PODS:
  - Alamofire (4.8.2)
  - AlamofireObjectMapper (5.2.0):
    - Alamofire (~> 4.7)
    - ObjectMapper (~> 3.4)
  - Kingfisher (4.10.1)
  - MenuItemKit (3.2.0)
  - ObjectMapper (3.4.2)
  - SwiftyJSON (5.0.0)

DEPENDENCIES:
  - Alamofire (~> 4.8.0)
  - AlamofireObjectMapper (~> 5.2.0)
  - Kingfisher (~> 4.10.1)
  - MenuItemKit
  - ObjectMapper (~> 3.4.2)
  - SwiftyJSON

SPEC REPOS:
  https://github.com/cocoapods/specs.git:
    - Alamofire
    - AlamofireObjectMapper
    - Kingfisher
    - MenuItemKit
    - ObjectMapper
    - SwiftyJSON

SPEC CHECKSUMS:
  Alamofire: ae5c501addb7afdbb13687d7f2f722c78734c2d3
  AlamofireObjectMapper: 92b6ce2423a9d159e686f6a1d514a009bf903ddc
  Kingfisher: c148cd7b47ebde9989f6bc7c27dcaa79d81279a0
  MenuItemKit: 0f2a4628dd4be911a05b2285f4ba9ca84268b3a8
  ObjectMapper: 0d4402610f4e468903ae64629eec4784531e5c51
  SwiftyJSON: 36413e04c44ee145039d332b4f4e2d3e8d6c4db7

PODFILE CHECKSUM: 5b9dfa295e551e8cb08fd0ed8f704f0b420c7d77

COCOAPODS: 1.7.3
